
Microsoft Visual Studio Solution File, Format Version 12.00
# Visual Studio Version 16
VisualStudioVersion = 16.0.31613.86
MinimumVisualStudioVersion = 10.0.40219.1
Project("{FAE04EC0-301F-11D3-BF4B-00C04F79EFBC}") = "COvningar2", "COvningar2\COvningar2.csproj", "{276265F8-2FF1-48BC-9397-3A589578822E}"
EndProject
Global
	GlobalSection(SolutionConfigurationPlatforms) = preSolution
		Debug|Any CPU = Debug|Any CPU
		Release|Any CPU = Release|Any CPU
	EndGlobalSection
	GlobalSection(ProjectConfigurationPlatforms) = postSolution
		{276265F8-2FF1-48BC-9397-3A589578822E}.Debug|Any CPU.ActiveCfg = Debug|Any CPU
		{276265F8-2FF1-48BC-9397-3A589578822E}.Debug|Any CPU.Build.0 = Debug|Any CPU
		{276265F8-2FF1-48BC-9397-3A589578822E}.Release|Any CPU.ActiveCfg = Release|Any CPU
		{276265F8-2FF1-48BC-9397-3A589578822E}.Release|Any CPU.Build.0 = Release|Any CPU
	EndGlobalSection
	GlobalSection(SolutionProperties) = preSolution
		HideSolutionNode = FALSE
	EndGlobalSection
	GlobalSection(ExtensibilityGlobals) = postSolution
		SolutionGuid = {BE01B7A0-B051-42C5-9974-35A39A4A5ACF}
	EndGlobalSection
EndGlobal
